
Microsoft Visual Studio Solution File, Format Version 12.00
# Visual Studio Version 17
VisualStudioVersion = 17.0.31903.59
MinimumVisualStudioVersion = 10.0.40219.1
Project("{FAE04EC0-301F-11D3-BF4B-00C04F79EFBC}") = "ReservaApp", "ReservaApp\ReservaApp.csproj", "{6CF88A89-23D3-46E3-85D3-0EC1F16F6BE7}"
EndProject
Project("{FAE04EC0-301F-11D3-BF4B-00C04F79EFBC}") = "ReservaApp.Tests", "ReservaApp.Tests\ReservaApp.Tests.csproj", "{C8083FB0-8CD4-45D3-B2C1-5F93F219620A}"
EndProject
Global
	GlobalSection(SolutionConfigurationPlatforms) = preSolution
		Debug|Any CPU = Debug|Any CPU
		Release|Any CPU = Release|Any CPU
	EndGlobalSection
	GlobalSection(SolutionProperties) = preSolution
		HideSolutionNode = FALSE
	EndGlobalSection
	GlobalSection(ProjectConfigurationPlatforms) = postSolution
		{6CF88A89-23D3-46E3-85D3-0EC1F16F6BE7}.Debug|Any CPU.ActiveCfg = Debug|Any CPU
		{6CF88A89-23D3-46E3-85D3-0EC1F16F6BE7}.Debug|Any CPU.Build.0 = Debug|Any CPU
		{6CF88A89-23D3-46E3-85D3-0EC1F16F6BE7}.Release|Any CPU.ActiveCfg = Release|Any CPU
		{6CF88A89-23D3-46E3-85D3-0EC1F16F6BE7}.Release|Any CPU.Build.0 = Release|Any CPU
		{C8083FB0-8CD4-45D3-B2C1-5F93F219620A}.Debug|Any CPU.ActiveCfg = Debug|Any CPU
		{C8083FB0-8CD4-45D3-B2C1-5F93F219620A}.Debug|Any CPU.Build.0 = Debug|Any CPU
		{C8083FB0-8CD4-45D3-B2C1-5F93F219620A}.Release|Any CPU.ActiveCfg = Release|Any CPU
		{C8083FB0-8CD4-45D3-B2C1-5F93F219620A}.Release|Any CPU.Build.0 = Release|Any CPU
	EndGlobalSection
EndGlobal
